
Microsoft Visual Studio Solution File, Format Version 12.00
# Visual Studio 15
VisualStudioVersion = 15.0.27130.2010
MinimumVisualStudioVersion = 10.0.40219.1
Project("{FAE04EC0-301F-11D3-BF4B-00C04F79EFBC}") = "TechnicalSupportServiceEmulationRequests", "TechnicalSupportServiceEmulationRequests\TechnicalSupportServiceEmulationRequests.csproj", "{0473057E-5C08-47A7-AFA4-17192A453EEE}"
EndProject
Global
	GlobalSection(SolutionConfigurationPlatforms) = preSolution
		Debug|Any CPU = Debug|Any CPU
		Release|Any CPU = Release|Any CPU
	EndGlobalSection
	GlobalSection(ProjectConfigurationPlatforms) = postSolution
		{0473057E-5C08-47A7-AFA4-17192A453EEE}.Debug|Any CPU.ActiveCfg = Debug|Any CPU
		{0473057E-5C08-47A7-AFA4-17192A453EEE}.Debug|Any CPU.Build.0 = Debug|Any CPU
		{0473057E-5C08-47A7-AFA4-17192A453EEE}.Release|Any CPU.ActiveCfg = Release|Any CPU
		{0473057E-5C08-47A7-AFA4-17192A453EEE}.Release|Any CPU.Build.0 = Release|Any CPU
	EndGlobalSection
	GlobalSection(SolutionProperties) = preSolution
		HideSolutionNode = FALSE
	EndGlobalSection
	GlobalSection(ExtensibilityGlobals) = postSolution
		SolutionGuid = {AEDDB062-5AA4-4AFA-B40E-ABE50E7A04D0}
	EndGlobalSection
EndGlobal
